
Microsoft Visual Studio Solution File, Format Version 12.00
# Visual Studio 14
VisualStudioVersion = 14.0.23107.0
MinimumVisualStudioVersion = 10.0.40219.1
Project("{FAE04EC0-301F-11D3-BF4B-00C04F79EFBC}") = "GP1TryItOut", "GP1TryItOut\GP1TryItOut.csproj", "{C809249C-ED00-4DFC-851E-55F293DF1B5D}"
EndProject
Project("{FAE04EC0-301F-11D3-BF4B-00C04F79EFBC}") = "Pg14", "Pg14\Pg14.csproj", "{717A75A5-4472-46FF-AD61-2E0C5ED728F3}"
EndProject
Project("{FAE04EC0-301F-11D3-BF4B-00C04F79EFBC}") = "Pg43", "Pg43\Pg43.csproj", "{1A49BCE9-2C4E-4A5B-AF90-6E5FF02D5B21}"
EndProject
Project("{FAE04EC0-301F-11D3-BF4B-00C04F79EFBC}") = "Pg44", "Pg44\Pg44.csproj", "{083BE81D-E3E8-41A8-B7F8-A2C3FEEB9194}"
EndProject
Project("{FAE04EC0-301F-11D3-BF4B-00C04F79EFBC}") = "Pg48", "Pg48\Pg48.csproj", "{452123B2-188E-449A-8BDA-E5C93487172B}"
EndProject
Project("{FAE04EC0-301F-11D3-BF4B-00C04F79EFBC}") = "Pg68", "Pg68\Pg68.csproj", "{83A7C0E1-6842-4854-9E4C-CB8EC39E0D5C}"
EndProject
Project("{FAE04EC0-301F-11D3-BF4B-00C04F79EFBC}") = "Pg72", "Pg72\Pg72.csproj", "{9745BA70-729C-4D96-BE51-E779565062BD}"
EndProject
Project("{FAE04EC0-301F-11D3-BF4B-00C04F79EFBC}") = "Pg78", "Pg78\Pg78.csproj", "{BAE7A9AA-77E1-4DD5-AAA4-FF768C4CFCAB}"
EndProject
Project("{FAE04EC0-301F-11D3-BF4B-00C04F79EFBC}") = "Pg79", "Pg79\Pg79.csproj", "{620D2E7B-C4D2-4596-B1B2-A78D5D07F613}"
EndProject
Global
	GlobalSection(SolutionConfigurationPlatforms) = preSolution
		Debug|Any CPU = Debug|Any CPU
		Release|Any CPU = Release|Any CPU
	EndGlobalSection
	GlobalSection(ProjectConfigurationPlatforms) = postSolution
		{C809249C-ED00-4DFC-851E-55F293DF1B5D}.Debug|Any CPU.ActiveCfg = Debug|Any CPU
		{C809249C-ED00-4DFC-851E-55F293DF1B5D}.Debug|Any CPU.Build.0 = Debug|Any CPU
		{C809249C-ED00-4DFC-851E-55F293DF1B5D}.Release|Any CPU.ActiveCfg = Release|Any CPU
		{C809249C-ED00-4DFC-851E-55F293DF1B5D}.Release|Any CPU.Build.0 = Release|Any CPU
		{717A75A5-4472-46FF-AD61-2E0C5ED728F3}.Debug|Any CPU.ActiveCfg = Debug|Any CPU
		{717A75A5-4472-46FF-AD61-2E0C5ED728F3}.Debug|Any CPU.Build.0 = Debug|Any CPU
		{717A75A5-4472-46FF-AD61-2E0C5ED728F3}.Release|Any CPU.ActiveCfg = Release|Any CPU
		{717A75A5-4472-46FF-AD61-2E0C5ED728F3}.Release|Any CPU.Build.0 = Release|Any CPU
		{1A49BCE9-2C4E-4A5B-AF90-6E5FF02D5B21}.Debug|Any CPU.ActiveCfg = Debug|Any CPU
		{1A49BCE9-2C4E-4A5B-AF90-6E5FF02D5B21}.Debug|Any CPU.Build.0 = Debug|Any CPU
		{1A49BCE9-2C4E-4A5B-AF90-6E5FF02D5B21}.Release|Any CPU.ActiveCfg = Release|Any CPU
		{1A49BCE9-2C4E-4A5B-AF90-6E5FF02D5B21}.Release|Any CPU.Build.0 = Release|Any CPU
		{083BE81D-E3E8-41A8-B7F8-A2C3FEEB9194}.Debug|Any CPU.ActiveCfg = Debug|Any CPU
		{083BE81D-E3E8-41A8-B7F8-A2C3FEEB9194}.Debug|Any CPU.Build.0 = Debug|Any CPU
		{083BE81D-E3E8-41A8-B7F8-A2C3FEEB9194}.Release|Any CPU.ActiveCfg = Release|Any CPU
		{083BE81D-E3E8-41A8-B7F8-A2C3FEEB9194}.Release|Any CPU.Build.0 = Release|Any CPU
		{452123B2-188E-449A-8BDA-E5C93487172B}.Debug|Any CPU.ActiveCfg = Debug|Any CPU
		{452123B2-188E-449A-8BDA-E5C93487172B}.Debug|Any CPU.Build.0 = Debug|Any CPU
		{452123B2-188E-449A-8BDA-E5C93487172B}.Release|Any CPU.ActiveCfg = Release|Any CPU
		{452123B2-188E-449A-8BDA-E5C93487172B}.Release|Any CPU.Build.0 = Release|Any CPU
		{83A7C0E1-6842-4854-9E4C-CB8EC39E0D5C}.Debug|Any CPU.ActiveCfg = Debug|Any CPU
		{83A7C0E1-6842-4854-9E4C-CB8EC39E0D5C}.Debug|Any CPU.Build.0 = Debug|Any CPU
		{83A7C0E1-6842-4854-9E4C-CB8EC39E0D5C}.Release|Any CPU.ActiveCfg = Release|Any CPU
		{83A7C0E1-6842-4854-9E4C-CB8EC39E0D5C}.Release|Any CPU.Build.0 = Release|Any CPU
		{9745BA70-729C-4D96-BE51-E779565062BD}.Debug|Any CPU.ActiveCfg = Debug|Any CPU
		{9745BA70-729C-4D96-BE51-E779565062BD}.Debug|Any CPU.Build.0 = Debug|Any CPU
		{9745BA70-729C-4D96-BE51-E779565062BD}.Release|Any CPU.ActiveCfg = Release|Any CPU
		{9745BA70-729C-4D96-BE51-E779565062BD}.Release|Any CPU.Build.0 = Release|Any CPU
		{BAE7A9AA-77E1-4DD5-AAA4-FF768C4CFCAB}.Debug|Any CPU.ActiveCfg = Debug|Any CPU
		{BAE7A9AA-77E1-4DD5-AAA4-FF768C4CFCAB}.Debug|Any CPU.Build.0 = Debug|Any CPU
		{BAE7A9AA-77E1-4DD5-AAA4-FF768C4CFCAB}.Release|Any CPU.ActiveCfg = Release|Any CPU
		{BAE7A9AA-77E1-4DD5-AAA4-FF768C4CFCAB}.Release|Any CPU.Build.0 = Release|Any CPU
		{620D2E7B-C4D2-4596-B1B2-A78D5D07F613}.Debug|Any CPU.ActiveCfg = Debug|Any CPU
		{620D2E7B-C4D2-4596-B1B2-A78D5D07F613}.Debug|Any CPU.Build.0 = Debug|Any CPU
		{620D2E7B-C4D2-4596-B1B2-A78D5D07F613}.Release|Any CPU.ActiveCfg = Release|Any CPU
		{620D2E7B-C4D2-4596-B1B2-A78D5D07F613}.Release|Any CPU.Build.0 = Release|Any CPU
	EndGlobalSection
	GlobalSection(SolutionProperties) = preSolution
		HideSolutionNode = FALSE
	EndGlobalSection
EndGlobal
